// !$*UTF8*$!
{
	archiveVersion = 1;
	classes = {
	};
	objectVersion = 55;
	objects = {

/* Begin PBXBuildFile section */
		7839255A2708E1BF00CBEE30 /* AppDelegate.swift in Sources */ = {isa = PBXBuildFile; fileRef = 783925592708E1BF00CBEE30 /* AppDelegate.swift */; };
		7839255C2708E1BF00CBEE30 /* SceneDelegate.swift in Sources */ = {isa = PBXBuildFile; fileRef = 7839255B2708E1BF00CBEE30 /* SceneDelegate.swift */; };
		783925612708E1BF00CBEE30 /* Main.storyboard in Resources */ = {isa = PBXBuildFile; fileRef = 7839255F2708E1BF00CBEE30 /* Main.storyboard */; };
		783925632708E1C200CBEE30 /* Assets.xcassets in Resources */ = {isa = PBXBuildFile; fileRef = 783925622708E1C200CBEE30 /* Assets.xcassets */; };
		783925662708E1C200CBEE30 /* LaunchScreen.storyboard in Resources */ = {isa = PBXBuildFile; fileRef = 783925642708E1C200CBEE30 /* LaunchScreen.storyboard */; };
		783925712708E2BD00CBEE30 /* ContactListViewController.swift in Sources */ = {isa = PBXBuildFile; fileRef = 783925702708E2BD00CBEE30 /* ContactListViewController.swift */; };
		783925732708E2EC00CBEE30 /* NetworkMaganer.swift in Sources */ = {isa = PBXBuildFile; fileRef = 783925722708E2EC00CBEE30 /* NetworkMaganer.swift */; };
/* End PBXBuildFile section */

/* Begin PBXFileReference section */
		783925562708E1BF00CBEE30 /* Contact List.app */ = {isa = PBXFileReference; explicitFileType = wrapper.application; includeInIndex = 0; path = "Contact List.app"; sourceTree = BUILT_PRODUCTS_DIR; };
		783925592708E1BF00CBEE30 /* AppDelegate.swift */ = {isa = PBXFileReference; lastKnownFileType = sourcecode.swift; path = AppDelegate.swift; sourceTree = "<group>"; };
		7839255B2708E1BF00CBEE30 /* SceneDelegate.swift */ = {isa = PBXFileReference; lastKnownFileType = sourcecode.swift; path = SceneDelegate.swift; sourceTree = "<group>"; };
		783925602708E1BF00CBEE30 /* Base */ = {isa = PBXFileReference; lastKnownFileType = file.storyboard; name = Base; path = Base.lproj/Main.storyboard; sourceTree = "<group>"; };
		783925622708E1C200CBEE30 /* Assets.xcassets */ = {isa = PBXFileReference; lastKnownFileType = folder.assetcatalog; path = Assets.xcassets; sourceTree = "<group>"; };
		783925652708E1C200CBEE30 /* Base */ = {isa = PBXFileReference; lastKnownFileType = file.storyboard; name = Base; path = Base.lproj/LaunchScreen.storyboard; sourceTree = "<group>"; };
		783925672708E1C200CBEE30 /* Info.plist */ = {isa = PBXFileReference; lastKnownFileType = text.plist.xml; path = Info.plist; sourceTree = "<group>"; };
		783925702708E2BD00CBEE30 /* ContactListViewController.swift */ = {isa = PBXFileReference; lastKnownFileType = sourcecode.swift; path = ContactListViewController.swift; sourceTree = "<group>"; };
		783925722708E2EC00CBEE30 /* NetworkMaganer.swift */ = {isa = PBXFileReference; lastKnownFileType = sourcecode.swift; path = NetworkMaganer.swift; sourceTree = "<group>"; };
/* End PBXFileReference section */

/* Begin PBXFrameworksBuildPhase section */
		783925532708E1BF00CBEE30 /* Frameworks */ = {
			isa = PBXFrameworksBuildPhase;
			buildActionMask = 2147483647;
			files = (
			);
			runOnlyForDeploymentPostprocessing = 0;
		};
/* End PBXFrameworksBuildPhase section */

/* Begin PBXGroup section */
		7839254D2708E1BF00CBEE30 = {
			isa = PBXGroup;
			children = (
				783925582708E1BF00CBEE30 /* Contact List */,
				783925572708E1BF00CBEE30 /* Products */,
			);
			sourceTree = "<group>";
		};
		783925572708E1BF00CBEE30 /* Products */ = {
			isa = PBXGroup;
			children = (
				783925562708E1BF00CBEE30 /* Contact List.app */,
			);
			name = Products;
			sourceTree = "<group>";
		};
		783925582708E1BF00CBEE30 /* Contact List */ = {
			isa = PBXGroup;
			children = (
				783925742708E2F200CBEE30 /* Service */,
				7839256F2708E1F400CBEE30 /* ViewControllers */,
				7839256E2708E1EB00CBEE30 /* Storyboards */,
				7839256D2708E1D300CBEE30 /* App */,
				783925622708E1C200CBEE30 /* Assets.xcassets */,
			);
			path = "Contact List";
			sourceTree = "<group>";
		};
		7839256D2708E1D300CBEE30 /* App */ = {
			isa = PBXGroup;
			children = (
				783925592708E1BF00CBEE30 /* AppDelegate.swift */,
				7839255B2708E1BF00CBEE30 /* SceneDelegate.swift */,
				783925672708E1C200CBEE30 /* Info.plist */,
			);
			path = App;
			sourceTree = "<group>";
		};
		7839256E2708E1EB00CBEE30 /* Storyboards */ = {
			isa = PBXGroup;
			children = (
				7839255F2708E1BF00CBEE30 /* Main.storyboard */,
				783925642708E1C200CBEE30 /* LaunchScreen.storyboard */,
			);
			path = Storyboards;
			sourceTree = "<group>";
		};
		7839256F2708E1F400CBEE30 /* ViewControllers */ = {
			isa = PBXGroup;
			children = (
				783925702708E2BD00CBEE30 /* ContactListViewController.swift */,
			);
			path = ViewControllers;
			sourceTree = "<group>";
		};
		783925742708E2F200CBEE30 /* Service */ = {
			isa = PBXGroup;
			children = (
				783925722708E2EC00CBEE30 /* NetworkMaganer.swift */,
			);
			path = Service;
			sourceTree = "<group>";
		};
/* End PBXGroup section */

/* Begin PBXNativeTarget section */
		783925552708E1BF00CBEE30 /* Contact List */ = {
			isa = PBXNativeTarget;
			buildConfigurationList = 7839256A2708E1C200CBEE30 /* Build configuration list for PBXNativeTarget "Contact List" */;
			buildPhases = (
				783925522708E1BF00CBEE30 /* Sources */,
				783925532708E1BF00CBEE30 /* Frameworks */,
				783925542708E1BF00CBEE30 /* Resources */,
			);
			buildRules = (
			);
			dependencies = (
			);
			name = "Contact List";
			productName = "Contact List";
			productReference = 783925562708E1BF00CBEE30 /* Contact List.app */;
			productType = "com.apple.product-type.application";
		};
/* End PBXNativeTarget section */

/* Begin PBXProject section */
		7839254E2708E1BF00CBEE30 /* Project object */ = {
			isa = PBXProject;
			attributes = {
				BuildIndependentTargetsInParallel = 1;
				LastSwiftUpdateCheck = 1300;
				LastUpgradeCheck = 1300;
				TargetAttributes = {
					783925552708E1BF00CBEE30 = {
						CreatedOnToolsVersion = 13.0;
					};
				};
			};
			buildConfigurationList = 783925512708E1BF00CBEE30 /* Build configuration list for PBXProject "Contact List" */;
			compatibilityVersion = "Xcode 13.0";
			developmentRegion = en;
			hasScannedForEncodings = 0;
			knownRegions = (
				en,
				Base,
			);
			mainGroup = 7839254D2708E1BF00CBEE30;
			productRefGroup = 783925572708E1BF00CBEE30 /* Products */;
			projectDirPath = "";
			projectRoot = "";
			targets = (
				783925552708E1BF00CBEE30 /* Contact List */,
			);
		};
/* End PBXProject section */

/* Begin PBXResourcesBuildPhase section */
		783925542708E1BF00CBEE30 /* Resources */ = {
			isa = PBXResourcesBuildPhase;
			buildActionMask = 2147483647;
			files = (
				783925662708E1C200CBEE30 /* LaunchScreen.storyboard in Resources */,
				783925632708E1C200CBEE30 /* Assets.xcassets in Resources */,
				783925612708E1BF00CBEE30 /* Main.storyboard in Resources */,
			);
			runOnlyForDeploymentPostprocessing = 0;
		};
/* End PBXResourcesBuildPhase section */

/* Begin PBXSourcesBuildPhase section */
		783925522708E1BF00CBEE30 /* Sources */ = {
			isa = PBXSourcesBuildPhase;
			buildActionMask = 2147483647;
			files = (
				783925732708E2EC00CBEE30 /* NetworkMaganer.swift in Sources */,
				7839255A2708E1BF00CBEE30 /* AppDelegate.swift in Sources */,
				7839255C2708E1BF00CBEE30 /* SceneDelegate.swift in Sources */,
				783925712708E2BD00CBEE30 /* ContactListViewController.swift in Sources */,
			);
			runOnlyForDeploymentPostprocessing = 0;
		};
/* End PBXSourcesBuildPhase section */

/* Begin PBXVariantGroup section */
		7839255F2708E1BF00CBEE30 /* Main.storyboard */ = {
			isa = PBXVariantGroup;
			children = (
				783925602708E1BF00CBEE30 /* Base */,
			);
			name = Main.storyboard;
			sourceTree = "<group>";
		};
		783925642708E1C200CBEE30 /* LaunchScreen.storyboard */ = {
			isa = PBXVariantGroup;
			children = (
				783925652708E1C200CBEE30 /* Base */,
			);
			name = LaunchScreen.storyboard;
			sourceTree = "<group>";
		};
/* End PBXVariantGroup section */

/* Begin XCBuildConfiguration section */
		783925682708E1C200CBEE30 /* Debug */ = {
			isa = XCBuildConfiguration;
			buildSettings = {
				ALWAYS_SEARCH_USER_PATHS = NO;
				CLANG_ANALYZER_NONNULL = YES;
				CLANG_ANALYZER_NUMBER_OBJECT_CONVERSION = YES_AGGRESSIVE;
				CLANG_CXX_LANGUAGE_STANDARD = "gnu++17";
				CLANG_CXX_LIBRARY = "libc++";
				CLANG_ENABLE_MODULES = YES;
				CLANG_ENABLE_OBJC_ARC = YES;
				CLANG_ENABLE_OBJC_WEAK = YES;
				CLANG_WARN_BLOCK_CAPTURE_AUTORELEASING = YES;
				CLANG_WARN_BOOL_CONVERSION = YES;
				CLANG_WARN_COMMA = YES;
				CLANG_WARN_CONSTANT_CONVERSION = YES;
				CLANG_WARN_DEPRECATED_OBJC_IMPLEMENTATIONS = YES;
				CLANG_WARN_DIRECT_OBJC_ISA_USAGE = YES_ERROR;
				CLANG_WARN_DOCUMENTATION_COMMENTS = YES;
				CLANG_WARN_EMPTY_BODY = YES;
				CLANG_WARN_ENUM_CONVERSION = YES;
				CLANG_WARN_INFINITE_RECURSION = YES;
				CLANG_WARN_INT_CONVERSION = YES;
				CLANG_WARN_NON_LITERAL_NULL_CONVERSION = YES;
				CLANG_WARN_OBJC_IMPLICIT_RETAIN_SELF = YES;
				CLANG_WARN_OBJC_LITERAL_CONVERSION = YES;
				CLANG_WARN_OBJC_ROOT_CLASS = YES_ERROR;
				CLANG_WARN_QUOTED_INCLUDE_IN_FRAMEWORK_HEADER = YES;
				CLANG_WARN_RANGE_LOOP_ANALYSIS = YES;
				CLANG_WARN_STRICT_PROTOTYPES = YES;
				CLANG_WARN_SUSPICIOUS_MOVE = YES;
				CLANG_WARN_UNGUARDED_AVAILABILITY = YES_AGGRESSIVE;
				CLANG_WARN_UNREACHABLE_CODE = YES;
				CLANG_WARN__DUPLICATE_METHOD_MATCH = YES;
				COPY_PHASE_STRIP = NO;
				DEBUG_INFORMATION_FORMAT = dwarf;
				ENABLE_STRICT_OBJC_MSGSEND = YES;
				ENABLE_TESTABILITY = YES;
				GCC_C_LANGUAGE_STANDARD = gnu11;
				GCC_DYNAMIC_NO_PIC = NO;
				GCC_NO_COMMON_BLOCKS = YES;
				GCC_OPTIMIZATION_LEVEL = 0;
				GCC_PREPROCESSOR_DEFINITIONS = (
					"DEBUG=1",
					"$(inherited)",
				);
				GCC_WARN_64_TO_32_BIT_CONVERSION = YES;
				GCC_WARN_ABOUT_RETURN_TYPE = YES_ERROR;
				GCC_WARN_UNDECLARED_SELECTOR = YES;
				GCC_WARN_UNINITIALIZED_AUTOS = YES_AGGRESSIVE;
				GCC_WARN_UNUSED_FUNCTION = YES;
				GCC_WARN_UNUSED_VARIABLE = YES;
				IPHONEOS_DEPLOYMENT_TARGET = 15.0;
				MTL_ENABLE_DEBUG_INFO = INCLUDE_SOURCE;
				MTL_FAST_MATH = YES;
				ONLY_ACTIVE_ARCH = YES;
				SDKROOT = iphoneos;
				SWIFT_ACTIVE_COMPILATION_CONDITIONS = DEBUG;
				SWIFT_OPTIMIZATION_LEVEL = "-Onone";
			};
			name = Debug;
		};
		783925692708E1C200CBEE30 /* Release */ = {
			isa = XCBuildConfiguration;
			buildSettings = {
				ALWAYS_SEARCH_USER_PATHS = NO;
				CLANG_ANALYZER_NONNULL = YES;
				CLANG_ANALYZER_NUMBER_OBJECT_CONVERSION = YES_AGGRESSIVE;
				CLANG_CXX_LANGUAGE_STANDARD = "gnu++17";
				CLANG_CXX_LIBRARY = "libc++";
				CLANG_ENABLE_MODULES = YES;
				CLANG_ENABLE_OBJC_ARC = YES;
				CLANG_ENABLE_OBJC_WEAK = YES;
				CLANG_WARN_BLOCK_CAPTURE_AUTORELEASING = YES;
				CLANG_WARN_BOOL_CONVERSION = YES;
				CLANG_WARN_COMMA = YES;
				CLANG_WARN_CONSTANT_CONVERSION = YES;
				CLANG_WARN_DEPRECATED_OBJC_IMPLEMENTATIONS = YES;
				CLANG_WARN_DIRECT_OBJC_ISA_USAGE = YES_ERROR;
				CLANG_WARN_DOCUMENTATION_COMMENTS = YES;
				CLANG_WARN_EMPTY_BODY = YES;
				CLANG_WARN_ENUM_CONVERSION = YES;
				CLANG_WARN_INFINITE_RECURSION = YES;
				CLANG_WARN_INT_CONVERSION = YES;
				CLANG_WARN_NON_LITERAL_NULL_CONVERSION = YES;
				CLANG_WARN_OBJC_IMPLICIT_RETAIN_SELF = YES;
				CLANG_WARN_OBJC_LITERAL_CONVERSION = YES;
				CLANG_WARN_OBJC_ROOT_CLASS = YES_ERROR;
				CLANG_WARN_QUOTED_INCLUDE_IN_FRAMEWORK_HEADER = YES;
				CLANG_WARN_RANGE_LOOP_ANALYSIS = YES;
				CLANG_WARN_STRICT_PROTOTYPES = YES;
				CLANG_WARN_SUSPICIOUS_MOVE = YES;
				CLANG_WARN_UNGUARDED_AVAILABILITY = YES_AGGRESSIVE;
				CLANG_WARN_UNREACHABLE_CODE = YES;
				CLANG_WARN__DUPLICATE_METHOD_MATCH = YES;
				COPY_PHASE_STRIP = NO;
				DEBUG_INFORMATION_FORMAT = "dwarf-with-dsym";
				ENABLE_NS_ASSERTIONS = NO;
				ENABLE_STRICT_OBJC_MSGSEND = YES;
				GCC_C_LANGUAGE_STANDARD = gnu11;
				GCC_NO_COMMON_BLOCKS = YES;
				GCC_WARN_64_TO_32_BIT_CONVERSION = YES;
				GCC_WARN_ABOUT_RETURN_TYPE = YES_ERROR;
				GCC_WARN_UNDECLARED_SELECTOR = YES;
				GCC_WARN_UNINITIALIZED_AUTOS = YES_AGGRESSIVE;
				GCC_WARN_UNUSED_FUNCTION = YES;
				GCC_WARN_UNUSED_VARIABLE = YES;
				IPHONEOS_DEPLOYMENT_TARGET = 15.0;
				MTL_ENABLE_DEBUG_INFO = NO;
				MTL_FAST_MATH = YES;
				SDKROOT = iphoneos;
				SWIFT_COMPILATION_MODE = wholemodule;
				SWIFT_OPTIMIZATION_LEVEL = "-O";
				VALIDATE_PRODUCT = YES;
			};
			name = Release;
		};
		7839256B2708E1C200CBEE30 /* Debug */ = {
			isa = XCBuildConfiguration;
			buildSettings = {
				ASSETCATALOG_COMPILER_APPICON_NAME = AppIcon;
				ASSETCATALOG_COMPILER_GLOBAL_ACCENT_COLOR_NAME = AccentColor;
				CODE_SIGN_STYLE = Automatic;
				CURRENT_PROJECT_VERSION = 1;
				DEVELOPMENT_TEAM = K5L7239SK4;
				GENERATE_INFOPLIST_FILE = YES;
				INFOPLIST_FILE = "Contact List/App/Info.plist";
				INFOPLIST_KEY_UIApplicationSupportsIndirectInputEvents = YES;
				INFOPLIST_KEY_UILaunchStoryboardName = LaunchScreen;
				INFOPLIST_KEY_UIMainStoryboardFile = Main;
				INFOPLIST_KEY_UISupportedInterfaceOrientations_iPad = "UIInterfaceOrientationPortrait UIInterfaceOrientationPortraitUpsideDown UIInterfaceOrientationLandscapeLeft UIInterfaceOrientationLandscapeRight";
				INFOPLIST_KEY_UISupportedInterfaceOrientations_iPhone = "UIInterfaceOrientationPortrait UIInterfaceOrientationLandscapeLeft UIInterfaceOrientationLandscapeRight";
				LD_RUNPATH_SEARCH_PATHS = (
					"$(inherited)",
					"@executable_path/Frameworks",
				);
				MARKETING_VERSION = 1.0;
				PRODUCT_BUNDLE_IDENTIFIER = "lexemz.Contact-List";
				PRODUCT_NAME = "$(TARGET_NAME)";
				SWIFT_EMIT_LOC_STRINGS = YES;
				SWIFT_VERSION = 5.0;
				TARGETED_DEVICE_FAMILY = "1,2";
			};
			name = Debug;
		};
		7839256C2708E1C200CBEE30 /* Release */ = {
			isa = XCBuildConfiguration;
			buildSettings = {
				ASSETCATALOG_COMPILER_APPICON_NAME = AppIcon;
				ASSETCATALOG_COMPILER_GLOBAL_ACCENT_COLOR_NAME = AccentColor;
				CODE_SIGN_STYLE = Automatic;
				CURRENT_PROJECT_VERSION = 1;
				DEVELOPMENT_TEAM = K5L7239SK4;
				GENERATE_INFOPLIST_FILE = YES;
				INFOPLIST_FILE = "Contact List/App/Info.plist";
				INFOPLIST_KEY_UIApplicationSupportsIndirectInputEvents = YES;
				INFOPLIST_KEY_UILaunchStoryboardName = LaunchScreen;
				INFOPLIST_KEY_UIMainStoryboardFile = Main;
				INFOPLIST_KEY_UISupportedInterfaceOrientations_iPad = "UIInterfaceOrientationPortrait UIInterfaceOrientationPortraitUpsideDown UIInterfaceOrientationLandscapeLeft UIInterfaceOrientationLandscapeRight";
				INFOPLIST_KEY_UISupportedInterfaceOrientations_iPhone = "UIInterfaceOrientationPortrait UIInterfaceOrientationLandscapeLeft UIInterfaceOrientationLandscapeRight";
				LD_RUNPATH_SEARCH_PATHS = (
					"$(inherited)",
					"@executable_path/Frameworks",
				);
				MARKETING_VERSION = 1.0;
				PRODUCT_BUNDLE_IDENTIFIER = "lexemz.Contact-List";
				PRODUCT_NAME = "$(TARGET_NAME)";
				SWIFT_EMIT_LOC_STRINGS = YES;
				SWIFT_VERSION = 5.0;
				TARGETED_DEVICE_FAMILY = "1,2";
			};
			name = Release;
		};
/* End XCBuildConfiguration section */

/* Begin XCConfigurationList section */
		783925512708E1BF00CBEE30 /* Build configuration list for PBXProject "Contact List" */ = {
			isa = XCConfigurationList;
			buildConfigurations = (
				783925682708E1C200CBEE30 /* Debug */,
				783925692708E1C200CBEE30 /* Release */,
			);
			defaultConfigurationIsVisible = 0;
			defaultConfigurationName = Release;
		};
		7839256A2708E1C200CBEE30 /* Build configuration list for PBXNativeTarget "Contact List" */ = {
			isa = XCConfigurationList;
			buildConfigurations = (
				7839256B2708E1C200CBEE30 /* Debug */,
				7839256C2708E1C200CBEE30 /* Release */,
			);
			defaultConfigurationIsVisible = 0;
			defaultConfigurationName = Release;
		};
/* End XCConfigurationList section */
	};
	rootObject = 7839254E2708E1BF00CBEE30 /* Project object */;
}
